// !$*UTF8*$!
{
	archiveVersion = 1;
	classes = {
	};
	objectVersion = 56;
	objects = {

/* Begin PBXBuildFile section */
		88E38D6F2CF98D5C004E1E99 /* LaunchScreen.storyboard in Resources */ = {isa = PBXBuildFile; fileRef = 88E38D602CF98D5C004E1E99 /* LaunchScreen.storyboard */; };
		88E38D702CF98D5C004E1E99 /* Main.storyboard in Resources */ = {isa = PBXBuildFile; fileRef = 88E38D622CF98D5C004E1E99 /* Main.storyboard */; };
		88E38D712CF98D5C004E1E99 /* Assets.xcassets in Resources */ = {isa = PBXBuildFile; fileRef = 88E38D672CF98D5C004E1E99 /* Assets.xcassets */; };
		88E38D722CF98D5C004E1E99 /* AppDelegate.swift in Sources */ = {isa = PBXBuildFile; fileRef = 88E38D6A2CF98D5C004E1E99 /* AppDelegate.swift */; };
		88E38D732CF98D5C004E1E99 /* SceneDelegate.swift in Sources */ = {isa = PBXBuildFile; fileRef = 88E38D6B2CF98D5C004E1E99 /* SceneDelegate.swift */; };
		88E38D742CF98D5C004E1E99 /* ViewController.swift in Sources */ = {isa = PBXBuildFile; fileRef = 88E38D6C2CF98D5C004E1E99 /* ViewController.swift */; };
		88E38D842CF992F1004E1E99 /* QanelasSoftBold.otf in Resources */ = {isa = PBXBuildFile; fileRef = 88E38D7F2CF992F0004E1E99 /* QanelasSoftBold.otf */; };
		88E38D852CF992F1004E1E99 /* QanelasSoftHeavy.otf in Resources */ = {isa = PBXBuildFile; fileRef = 88E38D802CF992F0004E1E99 /* QanelasSoftHeavy.otf */; };
		88E38D862CF992F1004E1E99 /* QanelasSoftRegular.otf in Resources */ = {isa = PBXBuildFile; fileRef = 88E38D812CF992F0004E1E99 /* QanelasSoftRegular.otf */; };
		88E38D872CF992F1004E1E99 /* QanelasSoftMedium.otf in Resources */ = {isa = PBXBuildFile; fileRef = 88E38D822CF992F1004E1E99 /* QanelasSoftMedium.otf */; };
		88E38D882CF992F1004E1E99 /* QanelasSoftSemiBold.otf in Resources */ = {isa = PBXBuildFile; fileRef = 88E38D832CF992F1004E1E99 /* QanelasSoftSemiBold.otf */; };
/* End PBXBuildFile section */

/* Begin PBXFileReference section */
		88E38D482CF98BD6004E1E99 /* BreathingExercise.app */ = {isa = PBXFileReference; explicitFileType = wrapper.application; includeInIndex = 0; path = BreathingExercise.app; sourceTree = BUILT_PRODUCTS_DIR; };
		88E38D592CF98BD7004E1E99 /* Info.plist */ = {isa = PBXFileReference; lastKnownFileType = text.plist.xml; path = Info.plist; sourceTree = "<group>"; };
		88E38D5F2CF98D5C004E1E99 /* Base */ = {isa = PBXFileReference; lastKnownFileType = file.storyboard; name = Base; path = Base.lproj/LaunchScreen.storyboard; sourceTree = "<group>"; };
		88E38D612CF98D5C004E1E99 /* Base */ = {isa = PBXFileReference; lastKnownFileType = file.storyboard; name = Base; path = Base.lproj/Main.storyboard; sourceTree = "<group>"; };
		88E38D672CF98D5C004E1E99 /* Assets.xcassets */ = {isa = PBXFileReference; lastKnownFileType = folder.assetcatalog; path = Assets.xcassets; sourceTree = "<group>"; };
		88E38D6A2CF98D5C004E1E99 /* AppDelegate.swift */ = {isa = PBXFileReference; fileEncoding = 4; lastKnownFileType = sourcecode.swift; path = AppDelegate.swift; sourceTree = "<group>"; };
		88E38D6B2CF98D5C004E1E99 /* SceneDelegate.swift */ = {isa = PBXFileReference; fileEncoding = 4; lastKnownFileType = sourcecode.swift; path = SceneDelegate.swift; sourceTree = "<group>"; };
		88E38D6C2CF98D5C004E1E99 /* ViewController.swift */ = {isa = PBXFileReference; fileEncoding = 4; lastKnownFileType = sourcecode.swift; path = ViewController.swift; sourceTree = "<group>"; };
		88E38D7F2CF992F0004E1E99 /* QanelasSoftBold.otf */ = {isa = PBXFileReference; lastKnownFileType = file; path = QanelasSoftBold.otf; sourceTree = "<group>"; };
		88E38D802CF992F0004E1E99 /* QanelasSoftHeavy.otf */ = {isa = PBXFileReference; lastKnownFileType = file; path = QanelasSoftHeavy.otf; sourceTree = "<group>"; };
		88E38D812CF992F0004E1E99 /* QanelasSoftRegular.otf */ = {isa = PBXFileReference; lastKnownFileType = file; path = QanelasSoftRegular.otf; sourceTree = "<group>"; };
		88E38D822CF992F1004E1E99 /* QanelasSoftMedium.otf */ = {isa = PBXFileReference; lastKnownFileType = file; path = QanelasSoftMedium.otf; sourceTree = "<group>"; };
		88E38D832CF992F1004E1E99 /* QanelasSoftSemiBold.otf */ = {isa = PBXFileReference; lastKnownFileType = file; path = QanelasSoftSemiBold.otf; sourceTree = "<group>"; };
/* End PBXFileReference section */

/* Begin PBXFrameworksBuildPhase section */
		88E38D452CF98BD6004E1E99 /* Frameworks */ = {
			isa = PBXFrameworksBuildPhase;
			buildActionMask = 2147483647;
			files = (
			);
			runOnlyForDeploymentPostprocessing = 0;
		};
/* End PBXFrameworksBuildPhase section */

/* Begin PBXGroup section */
		88E38D3F2CF98BD6004E1E99 = {
			isa = PBXGroup;
			children = (
				88E38D4A2CF98BD6004E1E99 /* BreathingExercise */,
				88E38D492CF98BD6004E1E99 /* Products */,
			);
			sourceTree = "<group>";
		};
		88E38D492CF98BD6004E1E99 /* Products */ = {
			isa = PBXGroup;
			children = (
				88E38D482CF98BD6004E1E99 /* BreathingExercise.app */,
			);
			name = Products;
			sourceTree = "<group>";
		};
		88E38D4A2CF98BD6004E1E99 /* BreathingExercise */ = {
			isa = PBXGroup;
			children = (
				88E38D6E2CF98D5C004E1E99 /* Model */,
				88E38D652CF98D5C004E1E99 /* View */,
				88E38D6D2CF98D5C004E1E99 /* Controller */,
				88E38D692CF98D5C004E1E99 /* Resources */,
				88E38D592CF98BD7004E1E99 /* Info.plist */,
			);
			path = BreathingExercise;
			sourceTree = "<group>";
		};
		88E38D632CF98D5C004E1E99 /* SBR */ = {
			isa = PBXGroup;
			children = (
				88E38D602CF98D5C004E1E99 /* LaunchScreen.storyboard */,
				88E38D622CF98D5C004E1E99 /* Main.storyboard */,
			);
			path = SBR;
			sourceTree = "<group>";
		};
		88E38D642CF98D5C004E1E99 /* XIB */ = {
			isa = PBXGroup;
			children = (
			);
			path = XIB;
			sourceTree = "<group>";
		};
		88E38D652CF98D5C004E1E99 /* View */ = {
			isa = PBXGroup;
			children = (
				88E38D632CF98D5C004E1E99 /* SBR */,
				88E38D642CF98D5C004E1E99 /* XIB */,
			);
			path = View;
			sourceTree = "<group>";
		};
		88E38D662CF98D5C004E1E99 /* Font */ = {
			isa = PBXGroup;
			children = (
				88E38D7F2CF992F0004E1E99 /* QanelasSoftBold.otf */,
				88E38D802CF992F0004E1E99 /* QanelasSoftHeavy.otf */,
				88E38D822CF992F1004E1E99 /* QanelasSoftMedium.otf */,
				88E38D812CF992F0004E1E99 /* QanelasSoftRegular.otf */,
				88E38D832CF992F1004E1E99 /* QanelasSoftSemiBold.otf */,
			);
			path = Font;
			sourceTree = "<group>";
		};
		88E38D682CF98D5C004E1E99 /* Images */ = {
			isa = PBXGroup;
			children = (
				88E38D672CF98D5C004E1E99 /* Assets.xcassets */,
			);
			path = Images;
			sourceTree = "<group>";
		};
		88E38D692CF98D5C004E1E99 /* Resources */ = {
			isa = PBXGroup;
			children = (
				88E38D662CF98D5C004E1E99 /* Font */,
				88E38D682CF98D5C004E1E99 /* Images */,
			);
			path = Resources;
			sourceTree = "<group>";
		};
		88E38D6D2CF98D5C004E1E99 /* Controller */ = {
			isa = PBXGroup;
			children = (
				88E38D6A2CF98D5C004E1E99 /* AppDelegate.swift */,
				88E38D6B2CF98D5C004E1E99 /* SceneDelegate.swift */,
				88E38D6C2CF98D5C004E1E99 /* ViewController.swift */,
			);
			path = Controller;
			sourceTree = "<group>";
		};
		88E38D6E2CF98D5C004E1E99 /* Model */ = {
			isa = PBXGroup;
			children = (
			);
			path = Model;
			sourceTree = "<group>";
		};
/* End PBXGroup section */

/* Begin PBXNativeTarget section */
		88E38D472CF98BD6004E1E99 /* BreathingExercise */ = {
			isa = PBXNativeTarget;
			buildConfigurationList = 88E38D5C2CF98BD7004E1E99 /* Build configuration list for PBXNativeTarget "BreathingExercise" */;
			buildPhases = (
				88E38D442CF98BD6004E1E99 /* Sources */,
				88E38D452CF98BD6004E1E99 /* Frameworks */,
				88E38D462CF98BD6004E1E99 /* Resources */,
			);
			buildRules = (
			);
			dependencies = (
			);
			name = BreathingExercise;
			productName = BreathingExercise;
			productReference = 88E38D482CF98BD6004E1E99 /* BreathingExercise.app */;
			productType = "com.apple.product-type.application";
		};
/* End PBXNativeTarget section */

/* Begin PBXProject section */
		88E38D402CF98BD6004E1E99 /* Project object */ = {
			isa = PBXProject;
			attributes = {
				BuildIndependentTargetsInParallel = 1;
				LastSwiftUpdateCheck = 1530;
				LastUpgradeCheck = 1530;
				TargetAttributes = {
					88E38D472CF98BD6004E1E99 = {
						CreatedOnToolsVersion = 15.3;
					};
				};
			};
			buildConfigurationList = 88E38D432CF98BD6004E1E99 /* Build configuration list for PBXProject "BreathingExercise" */;
			compatibilityVersion = "Xcode 14.0";
			developmentRegion = en;
			hasScannedForEncodings = 0;
			knownRegions = (
				en,
				Base,
			);
			mainGroup = 88E38D3F2CF98BD6004E1E99;
			productRefGroup = 88E38D492CF98BD6004E1E99 /* Products */;
			projectDirPath = "";
			projectRoot = "";
			targets = (
				88E38D472CF98BD6004E1E99 /* BreathingExercise */,
			);
		};
/* End PBXProject section */

/* Begin PBXResourcesBuildPhase section */
		88E38D462CF98BD6004E1E99 /* Resources */ = {
			isa = PBXResourcesBuildPhase;
			buildActionMask = 2147483647;
			files = (
				88E38D862CF992F1004E1E99 /* QanelasSoftRegular.otf in Resources */,
				88E38D842CF992F1004E1E99 /* QanelasSoftBold.otf in Resources */,
				88E38D702CF98D5C004E1E99 /* Main.storyboard in Resources */,
				88E38D6F2CF98D5C004E1E99 /* LaunchScreen.storyboard in Resources */,
				88E38D852CF992F1004E1E99 /* QanelasSoftHeavy.otf in Resources */,
				88E38D712CF98D5C004E1E99 /* Assets.xcassets in Resources */,
				88E38D882CF992F1004E1E99 /* QanelasSoftSemiBold.otf in Resources */,
				88E38D872CF992F1004E1E99 /* QanelasSoftMedium.otf in Resources */,
			);
			runOnlyForDeploymentPostprocessing = 0;
		};
/* End PBXResourcesBuildPhase section */

/* Begin PBXSourcesBuildPhase section */
		88E38D442CF98BD6004E1E99 /* Sources */ = {
			isa = PBXSourcesBuildPhase;
			buildActionMask = 2147483647;
			files = (
				88E38D742CF98D5C004E1E99 /* ViewController.swift in Sources */,
				88E38D732CF98D5C004E1E99 /* SceneDelegate.swift in Sources */,
				88E38D722CF98D5C004E1E99 /* AppDelegate.swift in Sources */,
			);
			runOnlyForDeploymentPostprocessing = 0;
		};
/* End PBXSourcesBuildPhase section */

/* Begin PBXVariantGroup section */
		88E38D602CF98D5C004E1E99 /* LaunchScreen.storyboard */ = {
			isa = PBXVariantGroup;
			children = (
				88E38D5F2CF98D5C004E1E99 /* Base */,
			);
			name = LaunchScreen.storyboard;
			sourceTree = "<group>";
		};
		88E38D622CF98D5C004E1E99 /* Main.storyboard */ = {
			isa = PBXVariantGroup;
			children = (
				88E38D612CF98D5C004E1E99 /* Base */,
			);
			name = Main.storyboard;
			sourceTree = "<group>";
		};
/* End PBXVariantGroup section */

/* Begin XCBuildConfiguration section */
		88E38D5A2CF98BD7004E1E99 /* Debug */ = {
			isa = XCBuildConfiguration;
			buildSettings = {
				ALWAYS_SEARCH_USER_PATHS = NO;
				ASSETCATALOG_COMPILER_GENERATE_SWIFT_ASSET_SYMBOL_EXTENSIONS = YES;
				CLANG_ANALYZER_NONNULL = YES;
				CLANG_ANALYZER_NUMBER_OBJECT_CONVERSION = YES_AGGRESSIVE;
				CLANG_CXX_LANGUAGE_STANDARD = "gnu++20";
				CLANG_ENABLE_MODULES = YES;
				CLANG_ENABLE_OBJC_ARC = YES;
				CLANG_ENABLE_OBJC_WEAK = YES;
				CLANG_WARN_BLOCK_CAPTURE_AUTORELEASING = YES;
				CLANG_WARN_BOOL_CONVERSION = YES;
				CLANG_WARN_COMMA = YES;
				CLANG_WARN_CONSTANT_CONVERSION = YES;
				CLANG_WARN_DEPRECATED_OBJC_IMPLEMENTATIONS = YES;
				CLANG_WARN_DIRECT_OBJC_ISA_USAGE = YES_ERROR;
				CLANG_WARN_DOCUMENTATION_COMMENTS = YES;
				CLANG_WARN_EMPTY_BODY = YES;
				CLANG_WARN_ENUM_CONVERSION = YES;
				CLANG_WARN_INFINITE_RECURSION = YES;
				CLANG_WARN_INT_CONVERSION = YES;
				CLANG_WARN_NON_LITERAL_NULL_CONVERSION = YES;
				CLANG_WARN_OBJC_IMPLICIT_RETAIN_SELF = YES;
				CLANG_WARN_OBJC_LITERAL_CONVERSION = YES;
				CLANG_WARN_OBJC_ROOT_CLASS = YES_ERROR;
				CLANG_WARN_QUOTED_INCLUDE_IN_FRAMEWORK_HEADER = YES;
				CLANG_WARN_RANGE_LOOP_ANALYSIS = YES;
				CLANG_WARN_STRICT_PROTOTYPES = YES;
				CLANG_WARN_SUSPICIOUS_MOVE = YES;
				CLANG_WARN_UNGUARDED_AVAILABILITY = YES_AGGRESSIVE;
				CLANG_WARN_UNREACHABLE_CODE = YES;
				CLANG_WARN__DUPLICATE_METHOD_MATCH = YES;
				COPY_PHASE_STRIP = NO;
				DEBUG_INFORMATION_FORMAT = dwarf;
				ENABLE_STRICT_OBJC_MSGSEND = YES;
				ENABLE_TESTABILITY = YES;
				ENABLE_USER_SCRIPT_SANDBOXING = YES;
				GCC_C_LANGUAGE_STANDARD = gnu17;
				GCC_DYNAMIC_NO_PIC = NO;
				GCC_NO_COMMON_BLOCKS = YES;
				GCC_OPTIMIZATION_LEVEL = 0;
				GCC_PREPROCESSOR_DEFINITIONS = (
					"DEBUG=1",
					"$(inherited)",
				);
				GCC_WARN_64_TO_32_BIT_CONVERSION = YES;
				GCC_WARN_ABOUT_RETURN_TYPE = YES_ERROR;
				GCC_WARN_UNDECLARED_SELECTOR = YES;
				GCC_WARN_UNINITIALIZED_AUTOS = YES_AGGRESSIVE;
				GCC_WARN_UNUSED_FUNCTION = YES;
				GCC_WARN_UNUSED_VARIABLE = YES;
				IPHONEOS_DEPLOYMENT_TARGET = 17.4;
				LOCALIZATION_PREFERS_STRING_CATALOGS = YES;
				MTL_ENABLE_DEBUG_INFO = INCLUDE_SOURCE;
				MTL_FAST_MATH = YES;
				ONLY_ACTIVE_ARCH = YES;
				SDKROOT = iphoneos;
				SWIFT_ACTIVE_COMPILATION_CONDITIONS = "DEBUG $(inherited)";
				SWIFT_OPTIMIZATION_LEVEL = "-Onone";
			};
			name = Debug;
		};
		88E38D5B2CF98BD7004E1E99 /* Release */ = {
			isa = XCBuildConfiguration;
			buildSettings = {
				ALWAYS_SEARCH_USER_PATHS = NO;
				ASSETCATALOG_COMPILER_GENERATE_SWIFT_ASSET_SYMBOL_EXTENSIONS = YES;
				CLANG_ANALYZER_NONNULL = YES;
				CLANG_ANALYZER_NUMBER_OBJECT_CONVERSION = YES_AGGRESSIVE;
				CLANG_CXX_LANGUAGE_STANDARD = "gnu++20";
				CLANG_ENABLE_MODULES = YES;
				CLANG_ENABLE_OBJC_ARC = YES;
				CLANG_ENABLE_OBJC_WEAK = YES;
				CLANG_WARN_BLOCK_CAPTURE_AUTORELEASING = YES;
				CLANG_WARN_BOOL_CONVERSION = YES;
				CLANG_WARN_COMMA = YES;
				CLANG_WARN_CONSTANT_CONVERSION = YES;
				CLANG_WARN_DEPRECATED_OBJC_IMPLEMENTATIONS = YES;
				CLANG_WARN_DIRECT_OBJC_ISA_USAGE = YES_ERROR;
				CLANG_WARN_DOCUMENTATION_COMMENTS = YES;
				CLANG_WARN_EMPTY_BODY = YES;
				CLANG_WARN_ENUM_CONVERSION = YES;
				CLANG_WARN_INFINITE_RECURSION = YES;
				CLANG_WARN_INT_CONVERSION = YES;
				CLANG_WARN_NON_LITERAL_NULL_CONVERSION = YES;
				CLANG_WARN_OBJC_IMPLICIT_RETAIN_SELF = YES;
				CLANG_WARN_OBJC_LITERAL_CONVERSION = YES;
				CLANG_WARN_OBJC_ROOT_CLASS = YES_ERROR;
				CLANG_WARN_QUOTED_INCLUDE_IN_FRAMEWORK_HEADER = YES;
				CLANG_WARN_RANGE_LOOP_ANALYSIS = YES;
				CLANG_WARN_STRICT_PROTOTYPES = YES;
				CLANG_WARN_SUSPICIOUS_MOVE = YES;
				CLANG_WARN_UNGUARDED_AVAILABILITY = YES_AGGRESSIVE;
				CLANG_WARN_UNREACHABLE_CODE = YES;
				CLANG_WARN__DUPLICATE_METHOD_MATCH = YES;
				COPY_PHASE_STRIP = NO;
				DEBUG_INFORMATION_FORMAT = "dwarf-with-dsym";
				ENABLE_NS_ASSERTIONS = NO;
				ENABLE_STRICT_OBJC_MSGSEND = YES;
				ENABLE_USER_SCRIPT_SANDBOXING = YES;
				GCC_C_LANGUAGE_STANDARD = gnu17;
				GCC_NO_COMMON_BLOCKS = YES;
				GCC_WARN_64_TO_32_BIT_CONVERSION = YES;
				GCC_WARN_ABOUT_RETURN_TYPE = YES_ERROR;
				GCC_WARN_UNDECLARED_SELECTOR = YES;
				GCC_WARN_UNINITIALIZED_AUTOS = YES_AGGRESSIVE;
				GCC_WARN_UNUSED_FUNCTION = YES;
				GCC_WARN_UNUSED_VARIABLE = YES;
				IPHONEOS_DEPLOYMENT_TARGET = 17.4;
				LOCALIZATION_PREFERS_STRING_CATALOGS = YES;
				MTL_ENABLE_DEBUG_INFO = NO;
				MTL_FAST_MATH = YES;
				SDKROOT = iphoneos;
				SWIFT_COMPILATION_MODE = wholemodule;
				VALIDATE_PRODUCT = YES;
			};
			name = Release;
		};
		88E38D5D2CF98BD7004E1E99 /* Debug */ = {
			isa = XCBuildConfiguration;
			buildSettings = {
				ASSETCATALOG_COMPILER_APPICON_NAME = AppIcon;
				ASSETCATALOG_COMPILER_GLOBAL_ACCENT_COLOR_NAME = AccentColor;
				CODE_SIGN_STYLE = Automatic;
				CURRENT_PROJECT_VERSION = 1;
				GENERATE_INFOPLIST_FILE = YES;
				INFOPLIST_FILE = BreathingExercise/Info.plist;
				INFOPLIST_KEY_UIApplicationSupportsIndirectInputEvents = YES;
				INFOPLIST_KEY_UILaunchStoryboardName = LaunchScreen;
				INFOPLIST_KEY_UIMainStoryboardFile = Main;
				INFOPLIST_KEY_UIStatusBarStyle = "";
				INFOPLIST_KEY_UISupportedInterfaceOrientations = UIInterfaceOrientationPortrait;
				IPHONEOS_DEPLOYMENT_TARGET = 13.0;
				LD_RUNPATH_SEARCH_PATHS = (
					"$(inherited)",
					"@executable_path/Frameworks",
				);
				MARKETING_VERSION = 1.0;
				PRODUCT_BUNDLE_IDENTIFIER = test.BreathingExercise;
				PRODUCT_NAME = "$(TARGET_NAME)";
				SWIFT_EMIT_LOC_STRINGS = YES;
				SWIFT_VERSION = 5.0;
				TARGETED_DEVICE_FAMILY = "1,2";
			};
			name = Debug;
		};
		88E38D5E2CF98BD7004E1E99 /* Release */ = {
			isa = XCBuildConfiguration;
			buildSettings = {
				ASSETCATALOG_COMPILER_APPICON_NAME = AppIcon;
				ASSETCATALOG_COMPILER_GLOBAL_ACCENT_COLOR_NAME = AccentColor;
				CODE_SIGN_STYLE = Automatic;
				CURRENT_PROJECT_VERSION = 1;
				GENERATE_INFOPLIST_FILE = YES;
				INFOPLIST_FILE = BreathingExercise/Info.plist;
				INFOPLIST_KEY_UIApplicationSupportsIndirectInputEvents = YES;
				INFOPLIST_KEY_UILaunchStoryboardName = LaunchScreen;
				INFOPLIST_KEY_UIMainStoryboardFile = Main;
				INFOPLIST_KEY_UIStatusBarStyle = "";
				INFOPLIST_KEY_UISupportedInterfaceOrientations = UIInterfaceOrientationPortrait;
				IPHONEOS_DEPLOYMENT_TARGET = 13.0;
				LD_RUNPATH_SEARCH_PATHS = (
					"$(inherited)",
					"@executable_path/Frameworks",
				);
				MARKETING_VERSION = 1.0;
				PRODUCT_BUNDLE_IDENTIFIER = test.BreathingExercise;
				PRODUCT_NAME = "$(TARGET_NAME)";
				SWIFT_EMIT_LOC_STRINGS = YES;
				SWIFT_VERSION = 5.0;
				TARGETED_DEVICE_FAMILY = "1,2";
			};
			name = Release;
		};
/* End XCBuildConfiguration section */

/* Begin XCConfigurationList section */
		88E38D432CF98BD6004E1E99 /* Build configuration list for PBXProject "BreathingExercise" */ = {
			isa = XCConfigurationList;
			buildConfigurations = (
				88E38D5A2CF98BD7004E1E99 /* Debug */,
				88E38D5B2CF98BD7004E1E99 /* Release */,
			);
			defaultConfigurationIsVisible = 0;
			defaultConfigurationName = Release;
		};
		88E38D5C2CF98BD7004E1E99 /* Build configuration list for PBXNativeTarget "BreathingExercise" */ = {
			isa = XCConfigurationList;
			buildConfigurations = (
				88E38D5D2CF98BD7004E1E99 /* Debug */,
				88E38D5E2CF98BD7004E1E99 /* Release */,
			);
			defaultConfigurationIsVisible = 0;
			defaultConfigurationName = Release;
		};
/* End XCConfigurationList section */
	};
	rootObject = 88E38D402CF98BD6004E1E99 /* Project object */;
}
